
Microsoft Visual Studio Solution File, Format Version 12.00
# Visual Studio Version 17
VisualStudioVersion = 17.3.32929.385
MinimumVisualStudioVersion = 10.0.40219.1
Project("{FAE04EC0-301F-11D3-BF4B-00C04F79EFBC}") = "exemple-mostenire", "exemple-mostenire\exemple-mostenire.csproj", "{EB622D2A-EC02-4EAD-BA6D-BF7C72E43AAB}"
EndProject
Project("{2150E333-8FDC-42A3-9474-1A3956D46DE8}") = "Solution Items", "Solution Items", "{0829869D-CCE0-480E-AFCA-0DA26C636A86}"
	ProjectSection(SolutionItems) = preProject
		.editorconfig = .editorconfig
	EndProjectSection
EndProject
Global
	GlobalSection(SolutionConfigurationPlatforms) = preSolution
		Debug|Any CPU = Debug|Any CPU
		Release|Any CPU = Release|Any CPU
	EndGlobalSection
	GlobalSection(ProjectConfigurationPlatforms) = postSolution
		{EB622D2A-EC02-4EAD-BA6D-BF7C72E43AAB}.Debug|Any CPU.ActiveCfg = Debug|Any CPU
		{EB622D2A-EC02-4EAD-BA6D-BF7C72E43AAB}.Debug|Any CPU.Build.0 = Debug|Any CPU
		{EB622D2A-EC02-4EAD-BA6D-BF7C72E43AAB}.Release|Any CPU.ActiveCfg = Release|Any CPU
		{EB622D2A-EC02-4EAD-BA6D-BF7C72E43AAB}.Release|Any CPU.Build.0 = Release|Any CPU
	EndGlobalSection
	GlobalSection(SolutionProperties) = preSolution
		HideSolutionNode = FALSE
	EndGlobalSection
	GlobalSection(ExtensibilityGlobals) = postSolution
		SolutionGuid = {7C7097BC-10C4-4A2C-ADE0-806652C7D453}
	EndGlobalSection
EndGlobal
